
Microsoft Visual Studio Solution File, Format Version 12.00
# Visual Studio Version 17
VisualStudioVersion = 17.0.31903.59
MinimumVisualStudioVersion = 10.0.40219.1
Project("{FAE04EC0-301F-11D3-BF4B-00C04F79EFBC}") = "ThoughtHub.Api", "backend\ThoughtHub.Api.csproj", "{3DBFBF0D-94DE-40D4-A42B-968E84002F13}"
EndProject
Project("{2150E333-8FDC-42A3-9474-1A3956D46DE8}") = "Solution Items", "Solution Items", "{8EC462FD-D22E-90A8-E5CE-7E832BA40C5D}"
	ProjectSection(SolutionItems) = preProject
		README.md = README.md
	EndProjectSection
EndProject
Project("{FAE04EC0-301F-11D3-BF4B-00C04F79EFBC}") = "ThoughtHub.UI.BlazorWasm", "frontend_blazorwasm\ThoughtHub.UI.BlazorWasm.csproj", "{AA2A2772-F305-40A6-ABF4-018DB06C1725}"
EndProject
Project("{FAE04EC0-301F-11D3-BF4B-00C04F79EFBC}") = "ThoughtHub.Api.Models", "ThoughtHub.Api.Models\ThoughtHub.Api.Models.csproj", "{067FEC39-B337-4EDD-BAA0-200AC1D8769D}"
EndProject
Project("{FAE04EC0-301F-11D3-BF4B-00C04F79EFBC}") = "ThoughtHub.Api.LocalStorage", "ThoughtHub.Api.LocalStorage\ThoughtHub.Api.LocalStorage.csproj", "{1E219201-8B08-4E60-93BD-10C08354D427}"
EndProject
Project("{FAE04EC0-301F-11D3-BF4B-00C04F79EFBC}") = "ThoughtHub.Api.Core", "ThoughtHub.Api.Core\ThoughtHub.Api.Core.csproj", "{5F56334D-F5AA-44A2-B8B8-3670F2C1853F}"
EndProject
Project("{FAE04EC0-301F-11D3-BF4B-00C04F79EFBC}") = "ThoughtHub.Api.AzureBlobStorage", "ThoughtHub.Api.AzureBlobStorage\ThoughtHub.Api.AzureBlobStorage.csproj", "{EC6CDBF0-DE7E-41D6-82B1-5B93DEF9A550}"
EndProject
Project("{2150E333-8FDC-42A3-9474-1A3956D46DE8}") = "tools", "tools", "{02EA681E-C7D8-13C7-8484-4AC65E1B71E8}"
EndProject
Project("{FAE04EC0-301F-11D3-BF4B-00C04F79EFBC}") = "ThoughtHub.Tools.DataSeeder", "ThoughtHub.Tools.DataSeeder\ThoughtHub.Tools.DataSeeder.csproj", "{7909A499-C5F7-465A-85FE-08F8FB1B9423}"
EndProject
Global
	GlobalSection(SolutionConfigurationPlatforms) = preSolution
		Debug|Any CPU = Debug|Any CPU
		Debug|x64 = Debug|x64
		Debug|x86 = Debug|x86
		Release|Any CPU = Release|Any CPU
		Release|x64 = Release|x64
		Release|x86 = Release|x86
	EndGlobalSection
	GlobalSection(ProjectConfigurationPlatforms) = postSolution
		{3DBFBF0D-94DE-40D4-A42B-968E84002F13}.Debug|Any CPU.ActiveCfg = Debug|Any CPU
		{3DBFBF0D-94DE-40D4-A42B-968E84002F13}.Debug|Any CPU.Build.0 = Debug|Any CPU
		{3DBFBF0D-94DE-40D4-A42B-968E84002F13}.Debug|x64.ActiveCfg = Debug|Any CPU
		{3DBFBF0D-94DE-40D4-A42B-968E84002F13}.Debug|x64.Build.0 = Debug|Any CPU
		{3DBFBF0D-94DE-40D4-A42B-968E84002F13}.Debug|x86.ActiveCfg = Debug|Any CPU
		{3DBFBF0D-94DE-40D4-A42B-968E84002F13}.Debug|x86.Build.0 = Debug|Any CPU
		{3DBFBF0D-94DE-40D4-A42B-968E84002F13}.Release|Any CPU.ActiveCfg = Release|Any CPU
		{3DBFBF0D-94DE-40D4-A42B-968E84002F13}.Release|Any CPU.Build.0 = Release|Any CPU
		{3DBFBF0D-94DE-40D4-A42B-968E84002F13}.Release|x64.ActiveCfg = Release|Any CPU
		{3DBFBF0D-94DE-40D4-A42B-968E84002F13}.Release|x64.Build.0 = Release|Any CPU
		{3DBFBF0D-94DE-40D4-A42B-968E84002F13}.Release|x86.ActiveCfg = Release|Any CPU
		{3DBFBF0D-94DE-40D4-A42B-968E84002F13}.Release|x86.Build.0 = Release|Any CPU
		{AA2A2772-F305-40A6-ABF4-018DB06C1725}.Debug|Any CPU.ActiveCfg = Debug|Any CPU
		{AA2A2772-F305-40A6-ABF4-018DB06C1725}.Debug|Any CPU.Build.0 = Debug|Any CPU
		{AA2A2772-F305-40A6-ABF4-018DB06C1725}.Debug|x64.ActiveCfg = Debug|Any CPU
		{AA2A2772-F305-40A6-ABF4-018DB06C1725}.Debug|x64.Build.0 = Debug|Any CPU
		{AA2A2772-F305-40A6-ABF4-018DB06C1725}.Debug|x86.ActiveCfg = Debug|Any CPU
		{AA2A2772-F305-40A6-ABF4-018DB06C1725}.Debug|x86.Build.0 = Debug|Any CPU
		{AA2A2772-F305-40A6-ABF4-018DB06C1725}.Release|Any CPU.ActiveCfg = Release|Any CPU
		{AA2A2772-F305-40A6-ABF4-018DB06C1725}.Release|Any CPU.Build.0 = Release|Any CPU
		{AA2A2772-F305-40A6-ABF4-018DB06C1725}.Release|x64.ActiveCfg = Release|Any CPU
		{AA2A2772-F305-40A6-ABF4-018DB06C1725}.Release|x64.Build.0 = Release|Any CPU
		{AA2A2772-F305-40A6-ABF4-018DB06C1725}.Release|x86.ActiveCfg = Release|Any CPU
		{AA2A2772-F305-40A6-ABF4-018DB06C1725}.Release|x86.Build.0 = Release|Any CPU
		{067FEC39-B337-4EDD-BAA0-200AC1D8769D}.Debug|Any CPU.ActiveCfg = Debug|Any CPU
		{067FEC39-B337-4EDD-BAA0-200AC1D8769D}.Debug|Any CPU.Build.0 = Debug|Any CPU
		{067FEC39-B337-4EDD-BAA0-200AC1D8769D}.Debug|x64.ActiveCfg = Debug|Any CPU
		{067FEC39-B337-4EDD-BAA0-200AC1D8769D}.Debug|x64.Build.0 = Debug|Any CPU
		{067FEC39-B337-4EDD-BAA0-200AC1D8769D}.Debug|x86.ActiveCfg = Debug|Any CPU
		{067FEC39-B337-4EDD-BAA0-200AC1D8769D}.Debug|x86.Build.0 = Debug|Any CPU
		{067FEC39-B337-4EDD-BAA0-200AC1D8769D}.Release|Any CPU.ActiveCfg = Release|Any CPU
		{067FEC39-B337-4EDD-BAA0-200AC1D8769D}.Release|Any CPU.Build.0 = Release|Any CPU
		{067FEC39-B337-4EDD-BAA0-200AC1D8769D}.Release|x64.ActiveCfg = Release|Any CPU
		{067FEC39-B337-4EDD-BAA0-200AC1D8769D}.Release|x64.Build.0 = Release|Any CPU
		{067FEC39-B337-4EDD-BAA0-200AC1D8769D}.Release|x86.ActiveCfg = Release|Any CPU
		{067FEC39-B337-4EDD-BAA0-200AC1D8769D}.Release|x86.Build.0 = Release|Any CPU
		{1E219201-8B08-4E60-93BD-10C08354D427}.Debug|Any CPU.ActiveCfg = Debug|Any CPU
		{1E219201-8B08-4E60-93BD-10C08354D427}.Debug|Any CPU.Build.0 = Debug|Any CPU
		{1E219201-8B08-4E60-93BD-10C08354D427}.Debug|x64.ActiveCfg = Debug|Any CPU
		{1E219201-8B08-4E60-93BD-10C08354D427}.Debug|x64.Build.0 = Debug|Any CPU
		{1E219201-8B08-4E60-93BD-10C08354D427}.Debug|x86.ActiveCfg = Debug|Any CPU
		{1E219201-8B08-4E60-93BD-10C08354D427}.Debug|x86.Build.0 = Debug|Any CPU
		{1E219201-8B08-4E60-93BD-10C08354D427}.Release|Any CPU.ActiveCfg = Release|Any CPU
		{1E219201-8B08-4E60-93BD-10C08354D427}.Release|Any CPU.Build.0 = Release|Any CPU
		{1E219201-8B08-4E60-93BD-10C08354D427}.Release|x64.ActiveCfg = Release|Any CPU
		{1E219201-8B08-4E60-93BD-10C08354D427}.Release|x64.Build.0 = Release|Any CPU
		{1E219201-8B08-4E60-93BD-10C08354D427}.Release|x86.ActiveCfg = Release|Any CPU
		{1E219201-8B08-4E60-93BD-10C08354D427}.Release|x86.Build.0 = Release|Any CPU
		{5F56334D-F5AA-44A2-B8B8-3670F2C1853F}.Debug|Any CPU.ActiveCfg = Debug|Any CPU
		{5F56334D-F5AA-44A2-B8B8-3670F2C1853F}.Debug|Any CPU.Build.0 = Debug|Any CPU
		{5F56334D-F5AA-44A2-B8B8-3670F2C1853F}.Debug|x64.ActiveCfg = Debug|Any CPU
		{5F56334D-F5AA-44A2-B8B8-3670F2C1853F}.Debug|x64.Build.0 = Debug|Any CPU
		{5F56334D-F5AA-44A2-B8B8-3670F2C1853F}.Debug|x86.ActiveCfg = Debug|Any CPU
		{5F56334D-F5AA-44A2-B8B8-3670F2C1853F}.Debug|x86.Build.0 = Debug|Any CPU
		{5F56334D-F5AA-44A2-B8B8-3670F2C1853F}.Release|Any CPU.ActiveCfg = Release|Any CPU
		{5F56334D-F5AA-44A2-B8B8-3670F2C1853F}.Release|Any CPU.Build.0 = Release|Any CPU
		{5F56334D-F5AA-44A2-B8B8-3670F2C1853F}.Release|x64.ActiveCfg = Release|Any CPU
		{5F56334D-F5AA-44A2-B8B8-3670F2C1853F}.Release|x64.Build.0 = Release|Any CPU
		{5F56334D-F5AA-44A2-B8B8-3670F2C1853F}.Release|x86.ActiveCfg = Release|Any CPU
		{5F56334D-F5AA-44A2-B8B8-3670F2C1853F}.Release|x86.Build.0 = Release|Any CPU
		{EC6CDBF0-DE7E-41D6-82B1-5B93DEF9A550}.Debug|Any CPU.ActiveCfg = Debug|Any CPU
		{EC6CDBF0-DE7E-41D6-82B1-5B93DEF9A550}.Debug|Any CPU.Build.0 = Debug|Any CPU
		{EC6CDBF0-DE7E-41D6-82B1-5B93DEF9A550}.Debug|x64.ActiveCfg = Debug|Any CPU
		{EC6CDBF0-DE7E-41D6-82B1-5B93DEF9A550}.Debug|x64.Build.0 = Debug|Any CPU
		{EC6CDBF0-DE7E-41D6-82B1-5B93DEF9A550}.Debug|x86.ActiveCfg = Debug|Any CPU
		{EC6CDBF0-DE7E-41D6-82B1-5B93DEF9A550}.Debug|x86.Build.0 = Debug|Any CPU
		{EC6CDBF0-DE7E-41D6-82B1-5B93DEF9A550}.Release|Any CPU.ActiveCfg = Release|Any CPU
		{EC6CDBF0-DE7E-41D6-82B1-5B93DEF9A550}.Release|Any CPU.Build.0 = Release|Any CPU
		{EC6CDBF0-DE7E-41D6-82B1-5B93DEF9A550}.Release|x64.ActiveCfg = Release|Any CPU
		{EC6CDBF0-DE7E-41D6-82B1-5B93DEF9A550}.Release|x64.Build.0 = Release|Any CPU
		{EC6CDBF0-DE7E-41D6-82B1-5B93DEF9A550}.Release|x86.ActiveCfg = Release|Any CPU
		{EC6CDBF0-DE7E-41D6-82B1-5B93DEF9A550}.Release|x86.Build.0 = Release|Any CPU
		{7909A499-C5F7-465A-85FE-08F8FB1B9423}.Debug|Any CPU.ActiveCfg = Debug|Any CPU
		{7909A499-C5F7-465A-85FE-08F8FB1B9423}.Debug|Any CPU.Build.0 = Debug|Any CPU
		{7909A499-C5F7-465A-85FE-08F8FB1B9423}.Debug|x64.ActiveCfg = Debug|Any CPU
		{7909A499-C5F7-465A-85FE-08F8FB1B9423}.Debug|x64.Build.0 = Debug|Any CPU
		{7909A499-C5F7-465A-85FE-08F8FB1B9423}.Debug|x86.ActiveCfg = Debug|Any CPU
		{7909A499-C5F7-465A-85FE-08F8FB1B9423}.Debug|x86.Build.0 = Debug|Any CPU
		{7909A499-C5F7-465A-85FE-08F8FB1B9423}.Release|Any CPU.ActiveCfg = Release|Any CPU
		{7909A499-C5F7-465A-85FE-08F8FB1B9423}.Release|Any CPU.Build.0 = Release|Any CPU
		{7909A499-C5F7-465A-85FE-08F8FB1B9423}.Release|x64.ActiveCfg = Release|Any CPU
		{7909A499-C5F7-465A-85FE-08F8FB1B9423}.Release|x64.Build.0 = Release|Any CPU
		{7909A499-C5F7-465A-85FE-08F8FB1B9423}.Release|x86.ActiveCfg = Release|Any CPU
		{7909A499-C5F7-465A-85FE-08F8FB1B9423}.Release|x86.Build.0 = Release|Any CPU
	EndGlobalSection
	GlobalSection(SolutionProperties) = preSolution
		HideSolutionNode = FALSE
	EndGlobalSection
	GlobalSection(NestedProjects) = preSolution
		{7909A499-C5F7-465A-85FE-08F8FB1B9423} = {02EA681E-C7D8-13C7-8484-4AC65E1B71E8}
	EndGlobalSection
	GlobalSection(ExtensibilityGlobals) = postSolution
		SolutionGuid = {62CDBF7A-0BA6-45AB-ACC9-0A5015EE6DBD}
	EndGlobalSection
EndGlobal
